
Microsoft Visual Studio Solution File, Format Version 12.00
# Visual Studio Version 17
VisualStudioVersion = 17.2.32630.192
MinimumVisualStudioVersion = 10.0.40219.1
Project("{FAE04EC0-301F-11D3-BF4B-00C04F79EFBC}") = "Online-Shop-Web-API", "Online-Shop-Web-API.csproj", "{D786DF3F-F715-44D3-BA6F-6393F32778EB}"
EndProject
Global
	GlobalSection(SolutionConfigurationPlatforms) = preSolution
		Debug|Any CPU = Debug|Any CPU
		Release|Any CPU = Release|Any CPU
	EndGlobalSection
	GlobalSection(ProjectConfigurationPlatforms) = postSolution
		{D786DF3F-F715-44D3-BA6F-6393F32778EB}.Debug|Any CPU.ActiveCfg = Debug|Any CPU
		{D786DF3F-F715-44D3-BA6F-6393F32778EB}.Debug|Any CPU.Build.0 = Debug|Any CPU
		{D786DF3F-F715-44D3-BA6F-6393F32778EB}.Release|Any CPU.ActiveCfg = Release|Any CPU
		{D786DF3F-F715-44D3-BA6F-6393F32778EB}.Release|Any CPU.Build.0 = Release|Any CPU
	EndGlobalSection
	GlobalSection(SolutionProperties) = preSolution
		HideSolutionNode = FALSE
	EndGlobalSection
	GlobalSection(ExtensibilityGlobals) = postSolution
		SolutionGuid = {A0FE4CCD-F0C9-48B1-B073-3B7FCFD6DDEA}
	EndGlobalSection
EndGlobal
